
Microsoft Visual Studio Solution File, Format Version 12.00
# Visual Studio Version 16
VisualStudioVersion = 16.0.30621.155
MinimumVisualStudioVersion = 10.0.40219.1
Project("{F14B399A-7131-4C87-9E4B-1186C45EF12D}") = "DebtReport", "DebtReport.rptproj", "{112A0ED9-F55E-468E-BF85-F54903DC92C8}"
EndProject
Global
	GlobalSection(SolutionConfigurationPlatforms) = preSolution
		Debug|Default = Debug|Default
		DebugLocal|Default = DebugLocal|Default
		Release|Default = Release|Default
	EndGlobalSection
	GlobalSection(ProjectConfigurationPlatforms) = postSolution
		{112A0ED9-F55E-468E-BF85-F54903DC92C8}.Debug|Default.ActiveCfg = Debug
		{112A0ED9-F55E-468E-BF85-F54903DC92C8}.Debug|Default.Build.0 = Debug
		{112A0ED9-F55E-468E-BF85-F54903DC92C8}.Debug|Default.Deploy.0 = Debug
		{112A0ED9-F55E-468E-BF85-F54903DC92C8}.DebugLocal|Default.ActiveCfg = DebugLocal
		{112A0ED9-F55E-468E-BF85-F54903DC92C8}.DebugLocal|Default.Build.0 = DebugLocal
		{112A0ED9-F55E-468E-BF85-F54903DC92C8}.Release|Default.ActiveCfg = Release
		{112A0ED9-F55E-468E-BF85-F54903DC92C8}.Release|Default.Build.0 = Release
		{112A0ED9-F55E-468E-BF85-F54903DC92C8}.Release|Default.Deploy.0 = Release
	EndGlobalSection
	GlobalSection(SolutionProperties) = preSolution
		HideSolutionNode = FALSE
	EndGlobalSection
	GlobalSection(ExtensibilityGlobals) = postSolution
		SolutionGuid = {062AA36A-2048-4359-8EDC-D36EAEFDB69D}
	EndGlobalSection
EndGlobal
